
Microsoft Visual Studio Solution File, Format Version 12.00
# Visual Studio Version 16
VisualStudioVersion = 16.0.32228.343
MinimumVisualStudioVersion = 10.0.40219.1
Project("{FAE04EC0-301F-11D3-BF4B-00C04F79EFBC}") = "WoMakersCode.Biblioteca.API", "WoMakersCode.Biblioteca.API\WoMakersCode.Biblioteca.API.csproj", "{07101710-3AC1-4DE2-9E5A-46D0D25C7FCB}"
EndProject
Project("{FAE04EC0-301F-11D3-BF4B-00C04F79EFBC}") = "WoMakersCode.Biblioteca.Application", "WoMakersCode.Biblioteca.Application\WoMakersCode.Biblioteca.Application.csproj", "{A1323E39-480E-46EC-9827-E71FE6EBF8AA}"
EndProject
Project("{FAE04EC0-301F-11D3-BF4B-00C04F79EFBC}") = "WoMakersCode.Biblioteca.Core", "WoMakersCode.Biblioteca.Core\WoMakersCode.Biblioteca.Core.csproj", "{9AB40793-0D09-4A44-B937-3BE62E344385}"
EndProject
Project("{FAE04EC0-301F-11D3-BF4B-00C04F79EFBC}") = "WoMakersCode.Biblioteca.Infra", "WoMakersCode.Biblioteca.Infra\WoMakersCode.Biblioteca.Infra.csproj", "{94C4E494-F288-4BA4-A1FB-8972BB6E7838}"
EndProject
Global
	GlobalSection(SolutionConfigurationPlatforms) = preSolution
		Debug|Any CPU = Debug|Any CPU
		Release|Any CPU = Release|Any CPU
	EndGlobalSection
	GlobalSection(ProjectConfigurationPlatforms) = postSolution
		{07101710-3AC1-4DE2-9E5A-46D0D25C7FCB}.Debug|Any CPU.ActiveCfg = Debug|Any CPU
		{07101710-3AC1-4DE2-9E5A-46D0D25C7FCB}.Debug|Any CPU.Build.0 = Debug|Any CPU
		{07101710-3AC1-4DE2-9E5A-46D0D25C7FCB}.Release|Any CPU.ActiveCfg = Release|Any CPU
		{07101710-3AC1-4DE2-9E5A-46D0D25C7FCB}.Release|Any CPU.Build.0 = Release|Any CPU
		{A1323E39-480E-46EC-9827-E71FE6EBF8AA}.Debug|Any CPU.ActiveCfg = Debug|Any CPU
		{A1323E39-480E-46EC-9827-E71FE6EBF8AA}.Debug|Any CPU.Build.0 = Debug|Any CPU
		{A1323E39-480E-46EC-9827-E71FE6EBF8AA}.Release|Any CPU.ActiveCfg = Release|Any CPU
		{A1323E39-480E-46EC-9827-E71FE6EBF8AA}.Release|Any CPU.Build.0 = Release|Any CPU
		{9AB40793-0D09-4A44-B937-3BE62E344385}.Debug|Any CPU.ActiveCfg = Debug|Any CPU
		{9AB40793-0D09-4A44-B937-3BE62E344385}.Debug|Any CPU.Build.0 = Debug|Any CPU
		{9AB40793-0D09-4A44-B937-3BE62E344385}.Release|Any CPU.ActiveCfg = Release|Any CPU
		{9AB40793-0D09-4A44-B937-3BE62E344385}.Release|Any CPU.Build.0 = Release|Any CPU
		{94C4E494-F288-4BA4-A1FB-8972BB6E7838}.Debug|Any CPU.ActiveCfg = Debug|Any CPU
		{94C4E494-F288-4BA4-A1FB-8972BB6E7838}.Debug|Any CPU.Build.0 = Debug|Any CPU
		{94C4E494-F288-4BA4-A1FB-8972BB6E7838}.Release|Any CPU.ActiveCfg = Release|Any CPU
		{94C4E494-F288-4BA4-A1FB-8972BB6E7838}.Release|Any CPU.Build.0 = Release|Any CPU
	EndGlobalSection
	GlobalSection(SolutionProperties) = preSolution
		HideSolutionNode = FALSE
	EndGlobalSection
	GlobalSection(ExtensibilityGlobals) = postSolution
		SolutionGuid = {35F83667-A9FC-4C09-A1C3-BF37EFFB98FB}
	EndGlobalSection
EndGlobal
